
Microsoft Visual Studio Solution File, Format Version 12.00
# Visual Studio 15
VisualStudioVersion = 15.0.28307.102
MinimumVisualStudioVersion = 10.0.40219.1
Project("{FAE04EC0-301F-11D3-BF4B-00C04F79EFBC}") = "task5_1", "task5_1\task5_1.csproj", "{833E107A-0618-498F-825B-96130AC002E2}"
EndProject
Project("{FAE04EC0-301F-11D3-BF4B-00C04F79EFBC}") = "task5_2", "task5_2\task5_2.csproj", "{2BBB51A0-A850-42F3-9909-E399C8132588}"
EndProject
Global
	GlobalSection(SolutionConfigurationPlatforms) = preSolution
		Debug|Any CPU = Debug|Any CPU
		Release|Any CPU = Release|Any CPU
	EndGlobalSection
	GlobalSection(ProjectConfigurationPlatforms) = postSolution
		{833E107A-0618-498F-825B-96130AC002E2}.Debug|Any CPU.ActiveCfg = Debug|Any CPU
		{833E107A-0618-498F-825B-96130AC002E2}.Debug|Any CPU.Build.0 = Debug|Any CPU
		{833E107A-0618-498F-825B-96130AC002E2}.Release|Any CPU.ActiveCfg = Release|Any CPU
		{833E107A-0618-498F-825B-96130AC002E2}.Release|Any CPU.Build.0 = Release|Any CPU
		{2BBB51A0-A850-42F3-9909-E399C8132588}.Debug|Any CPU.ActiveCfg = Debug|Any CPU
		{2BBB51A0-A850-42F3-9909-E399C8132588}.Debug|Any CPU.Build.0 = Debug|Any CPU
		{2BBB51A0-A850-42F3-9909-E399C8132588}.Release|Any CPU.ActiveCfg = Release|Any CPU
		{2BBB51A0-A850-42F3-9909-E399C8132588}.Release|Any CPU.Build.0 = Release|Any CPU
	EndGlobalSection
	GlobalSection(SolutionProperties) = preSolution
		HideSolutionNode = FALSE
	EndGlobalSection
	GlobalSection(ExtensibilityGlobals) = postSolution
		SolutionGuid = {E6C2D4A1-26F2-434A-9A59-11BDCE2E750E}
	EndGlobalSection
EndGlobal
