
Microsoft Visual Studio Solution File, Format Version 12.00
# Visual Studio 15
VisualStudioVersion = 15.0.28307.102
MinimumVisualStudioVersion = 10.0.40219.1
Project("{FAE04EC0-301F-11D3-BF4B-00C04F79EFBC}") = "taskC1", "taskC1\taskC1.csproj", "{FAA5FC8E-53DA-4E23-8349-071DD68F3F26}"
EndProject
Project("{FAE04EC0-301F-11D3-BF4B-00C04F79EFBC}") = "taskC2", "taskC2\taskC2.csproj", "{D8935CEE-6EE7-441D-9208-84EAC183B877}"
EndProject
Project("{FAE04EC0-301F-11D3-BF4B-00C04F79EFBC}") = "taskC4", "taskC4\taskC4.csproj", "{A65D853D-B467-489E-A42D-78ADA4018BE7}"
EndProject
Project("{FAE04EC0-301F-11D3-BF4B-00C04F79EFBC}") = "taskC5", "taskC5\taskC5.csproj", "{ABCB476B-91A7-41D1-994B-ECFE2D288D00}"
EndProject
Project("{FAE04EC0-301F-11D3-BF4B-00C04F79EFBC}") = "taskC8", "taskC8\taskC8.csproj", "{37046DDB-6469-41FB-98C6-EE3E36734A3F}"
EndProject
Project("{FAE04EC0-301F-11D3-BF4B-00C04F79EFBC}") = "taskC7", "taskC7\taskC7.csproj", "{1F5CE94E-023B-4097-A776-0B12835D04B3}"
EndProject
Global
	GlobalSection(SolutionConfigurationPlatforms) = preSolution
		Debug|Any CPU = Debug|Any CPU
		Release|Any CPU = Release|Any CPU
	EndGlobalSection
	GlobalSection(ProjectConfigurationPlatforms) = postSolution
		{FAA5FC8E-53DA-4E23-8349-071DD68F3F26}.Debug|Any CPU.ActiveCfg = Debug|Any CPU
		{FAA5FC8E-53DA-4E23-8349-071DD68F3F26}.Debug|Any CPU.Build.0 = Debug|Any CPU
		{FAA5FC8E-53DA-4E23-8349-071DD68F3F26}.Release|Any CPU.ActiveCfg = Release|Any CPU
		{FAA5FC8E-53DA-4E23-8349-071DD68F3F26}.Release|Any CPU.Build.0 = Release|Any CPU
		{D8935CEE-6EE7-441D-9208-84EAC183B877}.Debug|Any CPU.ActiveCfg = Debug|Any CPU
		{D8935CEE-6EE7-441D-9208-84EAC183B877}.Debug|Any CPU.Build.0 = Debug|Any CPU
		{D8935CEE-6EE7-441D-9208-84EAC183B877}.Release|Any CPU.ActiveCfg = Release|Any CPU
		{D8935CEE-6EE7-441D-9208-84EAC183B877}.Release|Any CPU.Build.0 = Release|Any CPU
		{A65D853D-B467-489E-A42D-78ADA4018BE7}.Debug|Any CPU.ActiveCfg = Debug|Any CPU
		{A65D853D-B467-489E-A42D-78ADA4018BE7}.Debug|Any CPU.Build.0 = Debug|Any CPU
		{A65D853D-B467-489E-A42D-78ADA4018BE7}.Release|Any CPU.ActiveCfg = Release|Any CPU
		{A65D853D-B467-489E-A42D-78ADA4018BE7}.Release|Any CPU.Build.0 = Release|Any CPU
		{ABCB476B-91A7-41D1-994B-ECFE2D288D00}.Debug|Any CPU.ActiveCfg = Debug|Any CPU
		{ABCB476B-91A7-41D1-994B-ECFE2D288D00}.Debug|Any CPU.Build.0 = Debug|Any CPU
		{ABCB476B-91A7-41D1-994B-ECFE2D288D00}.Release|Any CPU.ActiveCfg = Release|Any CPU
		{ABCB476B-91A7-41D1-994B-ECFE2D288D00}.Release|Any CPU.Build.0 = Release|Any CPU
		{37046DDB-6469-41FB-98C6-EE3E36734A3F}.Debug|Any CPU.ActiveCfg = Debug|Any CPU
		{37046DDB-6469-41FB-98C6-EE3E36734A3F}.Debug|Any CPU.Build.0 = Debug|Any CPU
		{37046DDB-6469-41FB-98C6-EE3E36734A3F}.Release|Any CPU.ActiveCfg = Release|Any CPU
		{37046DDB-6469-41FB-98C6-EE3E36734A3F}.Release|Any CPU.Build.0 = Release|Any CPU
		{1F5CE94E-023B-4097-A776-0B12835D04B3}.Debug|Any CPU.ActiveCfg = Debug|Any CPU
		{1F5CE94E-023B-4097-A776-0B12835D04B3}.Debug|Any CPU.Build.0 = Debug|Any CPU
		{1F5CE94E-023B-4097-A776-0B12835D04B3}.Release|Any CPU.ActiveCfg = Release|Any CPU
		{1F5CE94E-023B-4097-A776-0B12835D04B3}.Release|Any CPU.Build.0 = Release|Any CPU
	EndGlobalSection
	GlobalSection(SolutionProperties) = preSolution
		HideSolutionNode = FALSE
	EndGlobalSection
	GlobalSection(ExtensibilityGlobals) = postSolution
		SolutionGuid = {F7274F74-076D-4491-898D-04ACB0984436}
	EndGlobalSection
EndGlobal
