
Microsoft Visual Studio Solution File, Format Version 12.00
# Visual Studio 15
VisualStudioVersion = 15.0.28307.102
MinimumVisualStudioVersion = 10.0.40219.1
Project("{FAE04EC0-301F-11D3-BF4B-00C04F79EFBC}") = "taskF1B", "taskF1B\taskF1B.csproj", "{2C5B5770-8520-4440-991B-AFDC186C3A72}"
EndProject
Project("{FAE04EC0-301F-11D3-BF4B-00C04F79EFBC}") = "taskF1I", "taskF1G\taskF1I.csproj", "{7FFDBF79-437D-4CFB-8E58-9DAF08C10F4B}"
EndProject
Global
	GlobalSection(SolutionConfigurationPlatforms) = preSolution
		Debug|Any CPU = Debug|Any CPU
		Release|Any CPU = Release|Any CPU
	EndGlobalSection
	GlobalSection(ProjectConfigurationPlatforms) = postSolution
		{2C5B5770-8520-4440-991B-AFDC186C3A72}.Debug|Any CPU.ActiveCfg = Debug|Any CPU
		{2C5B5770-8520-4440-991B-AFDC186C3A72}.Debug|Any CPU.Build.0 = Debug|Any CPU
		{2C5B5770-8520-4440-991B-AFDC186C3A72}.Release|Any CPU.ActiveCfg = Release|Any CPU
		{2C5B5770-8520-4440-991B-AFDC186C3A72}.Release|Any CPU.Build.0 = Release|Any CPU
		{7FFDBF79-437D-4CFB-8E58-9DAF08C10F4B}.Debug|Any CPU.ActiveCfg = Debug|Any CPU
		{7FFDBF79-437D-4CFB-8E58-9DAF08C10F4B}.Debug|Any CPU.Build.0 = Debug|Any CPU
		{7FFDBF79-437D-4CFB-8E58-9DAF08C10F4B}.Release|Any CPU.ActiveCfg = Release|Any CPU
		{7FFDBF79-437D-4CFB-8E58-9DAF08C10F4B}.Release|Any CPU.Build.0 = Release|Any CPU
	EndGlobalSection
	GlobalSection(SolutionProperties) = preSolution
		HideSolutionNode = FALSE
	EndGlobalSection
	GlobalSection(ExtensibilityGlobals) = postSolution
		SolutionGuid = {9881C399-59ED-40CC-B3A0-4A853EE9E23E}
	EndGlobalSection
EndGlobal
